
Microsoft Visual Studio Solution File, Format Version 12.00
# Visual Studio Version 16
VisualStudioVersion = 16.0.29709.97
MinimumVisualStudioVersion = 10.0.40219.1
Project("{9A19103F-16F7-4668-BE54-9A1E7A4F7556}") = "01.BonusScoringSystem", "01.BonusScoringSystem\01.BonusScoringSystem.csproj", "{52B79891-129B-48A5-AC66-0E5A68561FF2}"
EndProject
Project("{9A19103F-16F7-4668-BE54-9A1E7A4F7556}") = "02.MuOnline", "02.MuOnline\02.MuOnline.csproj", "{88E1BCFC-7553-45D0-9083-A2AEF35620BF}"
EndProject
Project("{9A19103F-16F7-4668-BE54-9A1E7A4F7556}") = "03.Inventory", "03.Inventory\03.Inventory.csproj", "{8F003FF6-A819-49C9-A04C-67AE5BCFE120}"
EndProject
Global
	GlobalSection(SolutionConfigurationPlatforms) = preSolution
		Debug|Any CPU = Debug|Any CPU
		Release|Any CPU = Release|Any CPU
	EndGlobalSection
	GlobalSection(ProjectConfigurationPlatforms) = postSolution
		{52B79891-129B-48A5-AC66-0E5A68561FF2}.Debug|Any CPU.ActiveCfg = Debug|Any CPU
		{52B79891-129B-48A5-AC66-0E5A68561FF2}.Debug|Any CPU.Build.0 = Debug|Any CPU
		{52B79891-129B-48A5-AC66-0E5A68561FF2}.Release|Any CPU.ActiveCfg = Release|Any CPU
		{52B79891-129B-48A5-AC66-0E5A68561FF2}.Release|Any CPU.Build.0 = Release|Any CPU
		{88E1BCFC-7553-45D0-9083-A2AEF35620BF}.Debug|Any CPU.ActiveCfg = Debug|Any CPU
		{88E1BCFC-7553-45D0-9083-A2AEF35620BF}.Debug|Any CPU.Build.0 = Debug|Any CPU
		{88E1BCFC-7553-45D0-9083-A2AEF35620BF}.Release|Any CPU.ActiveCfg = Release|Any CPU
		{88E1BCFC-7553-45D0-9083-A2AEF35620BF}.Release|Any CPU.Build.0 = Release|Any CPU
		{8F003FF6-A819-49C9-A04C-67AE5BCFE120}.Debug|Any CPU.ActiveCfg = Debug|Any CPU
		{8F003FF6-A819-49C9-A04C-67AE5BCFE120}.Debug|Any CPU.Build.0 = Debug|Any CPU
		{8F003FF6-A819-49C9-A04C-67AE5BCFE120}.Release|Any CPU.ActiveCfg = Release|Any CPU
		{8F003FF6-A819-49C9-A04C-67AE5BCFE120}.Release|Any CPU.Build.0 = Release|Any CPU
	EndGlobalSection
	GlobalSection(SolutionProperties) = preSolution
		HideSolutionNode = FALSE
	EndGlobalSection
	GlobalSection(ExtensibilityGlobals) = postSolution
		SolutionGuid = {7C6A105A-4555-4E16-A545-68A82C25A25F}
	EndGlobalSection
EndGlobal
