
Microsoft Visual Studio Solution File, Format Version 12.00
# Visual Studio Version 16
VisualStudioVersion = 16.0.31313.79
MinimumVisualStudioVersion = 10.0.40219.1
Project("{9A19103F-16F7-4668-BE54-9A1E7A4F7556}") = "SIS.Framework", "SIS.Framework\SIS.Framework.csproj", "{C28227BA-520C-41BC-BED7-04D72A65276C}"
EndProject
Project("{9A19103F-16F7-4668-BE54-9A1E7A4F7556}") = "MyWebServer.App", "MyWebServer.App\MyWebServer.App.csproj", "{D63D102E-7503-40D9-9277-A4D1466917AF}"
EndProject
Project("{9A19103F-16F7-4668-BE54-9A1E7A4F7556}") = "MyWebServer", "MyWebServer\MyWebServer.csproj", "{F5477A22-C085-4283-A5C9-F8023C7AFEC7}"
EndProject
Global
	GlobalSection(SolutionConfigurationPlatforms) = preSolution
		Debug|Any CPU = Debug|Any CPU
		Release|Any CPU = Release|Any CPU
	EndGlobalSection
	GlobalSection(ProjectConfigurationPlatforms) = postSolution
		{C28227BA-520C-41BC-BED7-04D72A65276C}.Debug|Any CPU.ActiveCfg = Debug|Any CPU
		{C28227BA-520C-41BC-BED7-04D72A65276C}.Debug|Any CPU.Build.0 = Debug|Any CPU
		{C28227BA-520C-41BC-BED7-04D72A65276C}.Release|Any CPU.ActiveCfg = Release|Any CPU
		{C28227BA-520C-41BC-BED7-04D72A65276C}.Release|Any CPU.Build.0 = Release|Any CPU
		{D63D102E-7503-40D9-9277-A4D1466917AF}.Debug|Any CPU.ActiveCfg = Debug|Any CPU
		{D63D102E-7503-40D9-9277-A4D1466917AF}.Debug|Any CPU.Build.0 = Debug|Any CPU
		{D63D102E-7503-40D9-9277-A4D1466917AF}.Release|Any CPU.ActiveCfg = Release|Any CPU
		{D63D102E-7503-40D9-9277-A4D1466917AF}.Release|Any CPU.Build.0 = Release|Any CPU
		{F5477A22-C085-4283-A5C9-F8023C7AFEC7}.Debug|Any CPU.ActiveCfg = Debug|Any CPU
		{F5477A22-C085-4283-A5C9-F8023C7AFEC7}.Debug|Any CPU.Build.0 = Debug|Any CPU
		{F5477A22-C085-4283-A5C9-F8023C7AFEC7}.Release|Any CPU.ActiveCfg = Release|Any CPU
		{F5477A22-C085-4283-A5C9-F8023C7AFEC7}.Release|Any CPU.Build.0 = Release|Any CPU
	EndGlobalSection
	GlobalSection(SolutionProperties) = preSolution
		HideSolutionNode = FALSE
	EndGlobalSection
	GlobalSection(ExtensibilityGlobals) = postSolution
		SolutionGuid = {D6A08B9A-07B9-4E11-A50E-FE1736EB9756}
	EndGlobalSection
EndGlobal
