
Microsoft Visual Studio Solution File, Format Version 12.00
# Visual Studio Version 16
VisualStudioVersion = 16.0.30114.105
MinimumVisualStudioVersion = 10.0.40219.1
Project("{9A19103F-16F7-4668-BE54-9A1E7A4F7556}") = "01.DiagonalDifference", "01.DiagonalDifference\01.DiagonalDifference.csproj", "{9745BBB6-9C67-4C3F-9C47-3D34BF51DB96}"
EndProject
Project("{9A19103F-16F7-4668-BE54-9A1E7A4F7556}") = "02.SquaresInMatrix", "02.SquaresInMatrix\02.SquaresInMatrix.csproj", "{F863DFB6-DA8C-4401-A36B-9454384DA31E}"
EndProject
Project("{9A19103F-16F7-4668-BE54-9A1E7A4F7556}") = "03.MaximalSum", "03.MaximalSum\03.MaximalSum.csproj", "{563098A2-945A-4A2E-B30E-EF24716BFF7C}"
EndProject
Project("{9A19103F-16F7-4668-BE54-9A1E7A4F7556}") = "04.MatrixShuffling", "04.MatrixShuffling\04.MatrixShuffling.csproj", "{7DD74AA3-1C3C-475F-9039-0FE10DDFB2AF}"
EndProject
Project("{9A19103F-16F7-4668-BE54-9A1E7A4F7556}") = "05.SnakeMoves", "05.SnakeMoves\05.SnakeMoves.csproj", "{C14F6C33-00AC-475A-AA81-9DDE9A4956B5}"
EndProject
Project("{9A19103F-16F7-4668-BE54-9A1E7A4F7556}") = "06.JaggedArrayManipulator", "06.JaggedArrayManipulator\06.JaggedArrayManipulator.csproj", "{D6658F11-8548-43B1-A5B9-29EB549A29DA}"
EndProject
Project("{9A19103F-16F7-4668-BE54-9A1E7A4F7556}") = "07.KnightGame", "07.KnightGame\07.KnightGame.csproj", "{FC412987-AE5E-4E71-BE6A-1C1A3D94BC7D}"
EndProject
Project("{9A19103F-16F7-4668-BE54-9A1E7A4F7556}") = "08.Bombs", "08.Bombs\08.Bombs.csproj", "{4211DB30-436F-46DB-973A-334073AE1ADA}"
EndProject
Project("{FAE04EC0-301F-11D3-BF4B-00C04F79EFBC}") = "09.Miner", "09.Miner\09.Miner.csproj", "{5DEA9FDB-134C-40EF-B1D7-9CA71B8BAA22}"
EndProject
Project("{FAE04EC0-301F-11D3-BF4B-00C04F79EFBC}") = "10.RadioactiveMutantVampireBunnies", "10.RadioactiveMutantVampireBunnies\10.RadioactiveMutantVampireBunnies.csproj", "{8554EB61-F471-4A8D-B1AD-F81FD0961565}"
EndProject
Global
	GlobalSection(SolutionConfigurationPlatforms) = preSolution
		Debug|Any CPU = Debug|Any CPU
		Release|Any CPU = Release|Any CPU
	EndGlobalSection
	GlobalSection(ProjectConfigurationPlatforms) = postSolution
		{9745BBB6-9C67-4C3F-9C47-3D34BF51DB96}.Debug|Any CPU.ActiveCfg = Debug|Any CPU
		{9745BBB6-9C67-4C3F-9C47-3D34BF51DB96}.Debug|Any CPU.Build.0 = Debug|Any CPU
		{9745BBB6-9C67-4C3F-9C47-3D34BF51DB96}.Release|Any CPU.ActiveCfg = Release|Any CPU
		{9745BBB6-9C67-4C3F-9C47-3D34BF51DB96}.Release|Any CPU.Build.0 = Release|Any CPU
		{F863DFB6-DA8C-4401-A36B-9454384DA31E}.Debug|Any CPU.ActiveCfg = Debug|Any CPU
		{F863DFB6-DA8C-4401-A36B-9454384DA31E}.Debug|Any CPU.Build.0 = Debug|Any CPU
		{F863DFB6-DA8C-4401-A36B-9454384DA31E}.Release|Any CPU.ActiveCfg = Release|Any CPU
		{F863DFB6-DA8C-4401-A36B-9454384DA31E}.Release|Any CPU.Build.0 = Release|Any CPU
		{563098A2-945A-4A2E-B30E-EF24716BFF7C}.Debug|Any CPU.ActiveCfg = Debug|Any CPU
		{563098A2-945A-4A2E-B30E-EF24716BFF7C}.Debug|Any CPU.Build.0 = Debug|Any CPU
		{563098A2-945A-4A2E-B30E-EF24716BFF7C}.Release|Any CPU.ActiveCfg = Release|Any CPU
		{563098A2-945A-4A2E-B30E-EF24716BFF7C}.Release|Any CPU.Build.0 = Release|Any CPU
		{7DD74AA3-1C3C-475F-9039-0FE10DDFB2AF}.Debug|Any CPU.ActiveCfg = Debug|Any CPU
		{7DD74AA3-1C3C-475F-9039-0FE10DDFB2AF}.Debug|Any CPU.Build.0 = Debug|Any CPU
		{7DD74AA3-1C3C-475F-9039-0FE10DDFB2AF}.Release|Any CPU.ActiveCfg = Release|Any CPU
		{7DD74AA3-1C3C-475F-9039-0FE10DDFB2AF}.Release|Any CPU.Build.0 = Release|Any CPU
		{C14F6C33-00AC-475A-AA81-9DDE9A4956B5}.Debug|Any CPU.ActiveCfg = Debug|Any CPU
		{C14F6C33-00AC-475A-AA81-9DDE9A4956B5}.Debug|Any CPU.Build.0 = Debug|Any CPU
		{C14F6C33-00AC-475A-AA81-9DDE9A4956B5}.Release|Any CPU.ActiveCfg = Release|Any CPU
		{C14F6C33-00AC-475A-AA81-9DDE9A4956B5}.Release|Any CPU.Build.0 = Release|Any CPU
		{D6658F11-8548-43B1-A5B9-29EB549A29DA}.Debug|Any CPU.ActiveCfg = Debug|Any CPU
		{D6658F11-8548-43B1-A5B9-29EB549A29DA}.Debug|Any CPU.Build.0 = Debug|Any CPU
		{D6658F11-8548-43B1-A5B9-29EB549A29DA}.Release|Any CPU.ActiveCfg = Release|Any CPU
		{D6658F11-8548-43B1-A5B9-29EB549A29DA}.Release|Any CPU.Build.0 = Release|Any CPU
		{FC412987-AE5E-4E71-BE6A-1C1A3D94BC7D}.Debug|Any CPU.ActiveCfg = Debug|Any CPU
		{FC412987-AE5E-4E71-BE6A-1C1A3D94BC7D}.Debug|Any CPU.Build.0 = Debug|Any CPU
		{FC412987-AE5E-4E71-BE6A-1C1A3D94BC7D}.Release|Any CPU.ActiveCfg = Release|Any CPU
		{FC412987-AE5E-4E71-BE6A-1C1A3D94BC7D}.Release|Any CPU.Build.0 = Release|Any CPU
		{4211DB30-436F-46DB-973A-334073AE1ADA}.Debug|Any CPU.ActiveCfg = Debug|Any CPU
		{4211DB30-436F-46DB-973A-334073AE1ADA}.Debug|Any CPU.Build.0 = Debug|Any CPU
		{4211DB30-436F-46DB-973A-334073AE1ADA}.Release|Any CPU.ActiveCfg = Release|Any CPU
		{4211DB30-436F-46DB-973A-334073AE1ADA}.Release|Any CPU.Build.0 = Release|Any CPU
		{5DEA9FDB-134C-40EF-B1D7-9CA71B8BAA22}.Debug|Any CPU.ActiveCfg = Debug|Any CPU
		{5DEA9FDB-134C-40EF-B1D7-9CA71B8BAA22}.Debug|Any CPU.Build.0 = Debug|Any CPU
		{5DEA9FDB-134C-40EF-B1D7-9CA71B8BAA22}.Release|Any CPU.ActiveCfg = Release|Any CPU
		{5DEA9FDB-134C-40EF-B1D7-9CA71B8BAA22}.Release|Any CPU.Build.0 = Release|Any CPU
		{8554EB61-F471-4A8D-B1AD-F81FD0961565}.Debug|Any CPU.ActiveCfg = Debug|Any CPU
		{8554EB61-F471-4A8D-B1AD-F81FD0961565}.Debug|Any CPU.Build.0 = Debug|Any CPU
		{8554EB61-F471-4A8D-B1AD-F81FD0961565}.Release|Any CPU.ActiveCfg = Release|Any CPU
		{8554EB61-F471-4A8D-B1AD-F81FD0961565}.Release|Any CPU.Build.0 = Release|Any CPU
	EndGlobalSection
	GlobalSection(SolutionProperties) = preSolution
		HideSolutionNode = FALSE
	EndGlobalSection
	GlobalSection(ExtensibilityGlobals) = postSolution
		SolutionGuid = {D02DCD9C-3ECA-494B-8873-650E96EF3F53}
	EndGlobalSection
EndGlobal
