
Microsoft Visual Studio Solution File, Format Version 12.00
# Visual Studio Version 16
VisualStudioVersion = 16.0.29418.71
MinimumVisualStudioVersion = 10.0.40219.1
Project("{9A19103F-16F7-4668-BE54-9A1E7A4F7556}") = "01. IntegerOperations", "01. IntegerOperations\01. IntegerOperations.csproj", "{7C1A0858-930D-4744-8F6D-A867D8E81DE2}"
EndProject
Project("{9A19103F-16F7-4668-BE54-9A1E7A4F7556}") = "02.SumDigits", "02. Sum Digits\02.SumDigits.csproj", "{6DADD12E-A817-4270-9F7D-E7B8F4B43DB0}"
EndProject
Project("{9A19103F-16F7-4668-BE54-9A1E7A4F7556}") = "03.Elevator", "03. Elevator\03.Elevator.csproj", "{6B48758C-D719-4BD4-AC59-693FD14243D7}"
EndProject
Project("{FAE04EC0-301F-11D3-BF4B-00C04F79EFBC}") = "04. SumOfChars", "04. SumOfChars\04. SumOfChars.csproj", "{D1D862A0-84F4-4A4F-B759-6811A8EBA7FA}"
EndProject
Project("{FAE04EC0-301F-11D3-BF4B-00C04F79EFBC}") = "05. Print Part of the ASCII Table", "05. Print Part of the ASCII Table\05. Print Part of the ASCII Table.csproj", "{620BAE86-C63A-4689-97EF-23CE341C01DC}"
EndProject
Project("{FAE04EC0-301F-11D3-BF4B-00C04F79EFBC}") = "06.Triples of Latin Letters", "06. Triples of Latin Letters\06.Triples of Latin Letters.csproj", "{07FC1B6C-F447-4F38-877F-AB51E5567670}"
EndProject
Project("{FAE04EC0-301F-11D3-BF4B-00C04F79EFBC}") = "07.Water Overflow", "07. Water Overflow\07.Water Overflow.csproj", "{21A04F41-91B3-482F-8CBC-A36B5DF0114B}"
EndProject
Project("{FAE04EC0-301F-11D3-BF4B-00C04F79EFBC}") = "08.BeerKegs", "08. BeerKegs\08.BeerKegs.csproj", "{CC4BC45E-84A3-4521-93B0-169D9DA84B8C}"
EndProject
Project("{FAE04EC0-301F-11D3-BF4B-00C04F79EFBC}") = "09.SpiceMustFlow", "09.SpiceMustFlow\09.SpiceMustFlow.csproj", "{9ECDBFE7-EED4-4806-9C2B-304AB861A0DB}"
EndProject
Project("{FAE04EC0-301F-11D3-BF4B-00C04F79EFBC}") = "10.PokeMon", "10. PokeMon\10.PokeMon.csproj", "{F377E9E9-EAA7-4616-895E-D022D7F71986}"
EndProject
Project("{FAE04EC0-301F-11D3-BF4B-00C04F79EFBC}") = "11.Snowballs", "11. Snowballs\11.Snowballs.csproj", "{48C4C8E9-ABB7-4625-A385-B3EF9A797DC2}"
EndProject
Global
	GlobalSection(SolutionConfigurationPlatforms) = preSolution
		Debug|Any CPU = Debug|Any CPU
		Release|Any CPU = Release|Any CPU
	EndGlobalSection
	GlobalSection(ProjectConfigurationPlatforms) = postSolution
		{7C1A0858-930D-4744-8F6D-A867D8E81DE2}.Debug|Any CPU.ActiveCfg = Debug|Any CPU
		{7C1A0858-930D-4744-8F6D-A867D8E81DE2}.Debug|Any CPU.Build.0 = Debug|Any CPU
		{7C1A0858-930D-4744-8F6D-A867D8E81DE2}.Release|Any CPU.ActiveCfg = Release|Any CPU
		{7C1A0858-930D-4744-8F6D-A867D8E81DE2}.Release|Any CPU.Build.0 = Release|Any CPU
		{6DADD12E-A817-4270-9F7D-E7B8F4B43DB0}.Debug|Any CPU.ActiveCfg = Debug|Any CPU
		{6DADD12E-A817-4270-9F7D-E7B8F4B43DB0}.Debug|Any CPU.Build.0 = Debug|Any CPU
		{6DADD12E-A817-4270-9F7D-E7B8F4B43DB0}.Release|Any CPU.ActiveCfg = Release|Any CPU
		{6DADD12E-A817-4270-9F7D-E7B8F4B43DB0}.Release|Any CPU.Build.0 = Release|Any CPU
		{6B48758C-D719-4BD4-AC59-693FD14243D7}.Debug|Any CPU.ActiveCfg = Debug|Any CPU
		{6B48758C-D719-4BD4-AC59-693FD14243D7}.Debug|Any CPU.Build.0 = Debug|Any CPU
		{6B48758C-D719-4BD4-AC59-693FD14243D7}.Release|Any CPU.ActiveCfg = Release|Any CPU
		{6B48758C-D719-4BD4-AC59-693FD14243D7}.Release|Any CPU.Build.0 = Release|Any CPU
		{D1D862A0-84F4-4A4F-B759-6811A8EBA7FA}.Debug|Any CPU.ActiveCfg = Debug|Any CPU
		{D1D862A0-84F4-4A4F-B759-6811A8EBA7FA}.Debug|Any CPU.Build.0 = Debug|Any CPU
		{D1D862A0-84F4-4A4F-B759-6811A8EBA7FA}.Release|Any CPU.ActiveCfg = Release|Any CPU
		{D1D862A0-84F4-4A4F-B759-6811A8EBA7FA}.Release|Any CPU.Build.0 = Release|Any CPU
		{620BAE86-C63A-4689-97EF-23CE341C01DC}.Debug|Any CPU.ActiveCfg = Debug|Any CPU
		{620BAE86-C63A-4689-97EF-23CE341C01DC}.Debug|Any CPU.Build.0 = Debug|Any CPU
		{620BAE86-C63A-4689-97EF-23CE341C01DC}.Release|Any CPU.ActiveCfg = Release|Any CPU
		{620BAE86-C63A-4689-97EF-23CE341C01DC}.Release|Any CPU.Build.0 = Release|Any CPU
		{07FC1B6C-F447-4F38-877F-AB51E5567670}.Debug|Any CPU.ActiveCfg = Debug|Any CPU
		{07FC1B6C-F447-4F38-877F-AB51E5567670}.Debug|Any CPU.Build.0 = Debug|Any CPU
		{07FC1B6C-F447-4F38-877F-AB51E5567670}.Release|Any CPU.ActiveCfg = Release|Any CPU
		{07FC1B6C-F447-4F38-877F-AB51E5567670}.Release|Any CPU.Build.0 = Release|Any CPU
		{21A04F41-91B3-482F-8CBC-A36B5DF0114B}.Debug|Any CPU.ActiveCfg = Debug|Any CPU
		{21A04F41-91B3-482F-8CBC-A36B5DF0114B}.Debug|Any CPU.Build.0 = Debug|Any CPU
		{21A04F41-91B3-482F-8CBC-A36B5DF0114B}.Release|Any CPU.ActiveCfg = Release|Any CPU
		{21A04F41-91B3-482F-8CBC-A36B5DF0114B}.Release|Any CPU.Build.0 = Release|Any CPU
		{CC4BC45E-84A3-4521-93B0-169D9DA84B8C}.Debug|Any CPU.ActiveCfg = Debug|Any CPU
		{CC4BC45E-84A3-4521-93B0-169D9DA84B8C}.Debug|Any CPU.Build.0 = Debug|Any CPU
		{CC4BC45E-84A3-4521-93B0-169D9DA84B8C}.Release|Any CPU.ActiveCfg = Release|Any CPU
		{CC4BC45E-84A3-4521-93B0-169D9DA84B8C}.Release|Any CPU.Build.0 = Release|Any CPU
		{9ECDBFE7-EED4-4806-9C2B-304AB861A0DB}.Debug|Any CPU.ActiveCfg = Debug|Any CPU
		{9ECDBFE7-EED4-4806-9C2B-304AB861A0DB}.Debug|Any CPU.Build.0 = Debug|Any CPU
		{9ECDBFE7-EED4-4806-9C2B-304AB861A0DB}.Release|Any CPU.ActiveCfg = Release|Any CPU
		{9ECDBFE7-EED4-4806-9C2B-304AB861A0DB}.Release|Any CPU.Build.0 = Release|Any CPU
		{F377E9E9-EAA7-4616-895E-D022D7F71986}.Debug|Any CPU.ActiveCfg = Debug|Any CPU
		{F377E9E9-EAA7-4616-895E-D022D7F71986}.Debug|Any CPU.Build.0 = Debug|Any CPU
		{F377E9E9-EAA7-4616-895E-D022D7F71986}.Release|Any CPU.ActiveCfg = Release|Any CPU
		{F377E9E9-EAA7-4616-895E-D022D7F71986}.Release|Any CPU.Build.0 = Release|Any CPU
		{48C4C8E9-ABB7-4625-A385-B3EF9A797DC2}.Debug|Any CPU.ActiveCfg = Debug|Any CPU
		{48C4C8E9-ABB7-4625-A385-B3EF9A797DC2}.Debug|Any CPU.Build.0 = Debug|Any CPU
		{48C4C8E9-ABB7-4625-A385-B3EF9A797DC2}.Release|Any CPU.ActiveCfg = Release|Any CPU
		{48C4C8E9-ABB7-4625-A385-B3EF9A797DC2}.Release|Any CPU.Build.0 = Release|Any CPU
	EndGlobalSection
	GlobalSection(SolutionProperties) = preSolution
		HideSolutionNode = FALSE
	EndGlobalSection
	GlobalSection(ExtensibilityGlobals) = postSolution
		SolutionGuid = {FDCA5496-1033-475F-BF39-CF0546CD7938}
	EndGlobalSection
EndGlobal
