
Microsoft Visual Studio Solution File, Format Version 12.00
# Visual Studio Version 16
VisualStudioVersion = 16.0.29905.134
MinimumVisualStudioVersion = 10.0.40219.1
Project("{9A19103F-16F7-4668-BE54-9A1E7A4F7556}") = "01.ExtractPersonInformation", "01.ExtractPersonInformation\01.ExtractPersonInformation.csproj", "{3AA2A0D0-F6F0-4D0D-A0DF-947FCB5761BF}"
EndProject
Project("{9A19103F-16F7-4668-BE54-9A1E7A4F7556}") = "02.AsciiSumator", "02.AsciiSumator\02.AsciiSumator.csproj", "{CE741DE6-7358-4C0B-B9CD-27FBB966CA91}"
EndProject
Project("{FAE04EC0-301F-11D3-BF4B-00C04F79EFBC}") = "03.TreasureFinder", "03.TreasureFinder\03.TreasureFinder.csproj", "{258BF94D-EF45-4B9D-A205-0902BBD87548}"
EndProject
Project("{FAE04EC0-301F-11D3-BF4B-00C04F79EFBC}") = "04.MorseCodeTranslator", "04.MorseCodeTranslator\04.MorseCodeTranslator.csproj", "{8F83A84A-A651-46B0-9BC0-48DBEB83BFE2}"
EndProject
Global
	GlobalSection(SolutionConfigurationPlatforms) = preSolution
		Debug|Any CPU = Debug|Any CPU
		Release|Any CPU = Release|Any CPU
	EndGlobalSection
	GlobalSection(ProjectConfigurationPlatforms) = postSolution
		{3AA2A0D0-F6F0-4D0D-A0DF-947FCB5761BF}.Debug|Any CPU.ActiveCfg = Debug|Any CPU
		{3AA2A0D0-F6F0-4D0D-A0DF-947FCB5761BF}.Debug|Any CPU.Build.0 = Debug|Any CPU
		{3AA2A0D0-F6F0-4D0D-A0DF-947FCB5761BF}.Release|Any CPU.ActiveCfg = Release|Any CPU
		{3AA2A0D0-F6F0-4D0D-A0DF-947FCB5761BF}.Release|Any CPU.Build.0 = Release|Any CPU
		{CE741DE6-7358-4C0B-B9CD-27FBB966CA91}.Debug|Any CPU.ActiveCfg = Debug|Any CPU
		{CE741DE6-7358-4C0B-B9CD-27FBB966CA91}.Debug|Any CPU.Build.0 = Debug|Any CPU
		{CE741DE6-7358-4C0B-B9CD-27FBB966CA91}.Release|Any CPU.ActiveCfg = Release|Any CPU
		{CE741DE6-7358-4C0B-B9CD-27FBB966CA91}.Release|Any CPU.Build.0 = Release|Any CPU
		{258BF94D-EF45-4B9D-A205-0902BBD87548}.Debug|Any CPU.ActiveCfg = Debug|Any CPU
		{258BF94D-EF45-4B9D-A205-0902BBD87548}.Debug|Any CPU.Build.0 = Debug|Any CPU
		{258BF94D-EF45-4B9D-A205-0902BBD87548}.Release|Any CPU.ActiveCfg = Release|Any CPU
		{258BF94D-EF45-4B9D-A205-0902BBD87548}.Release|Any CPU.Build.0 = Release|Any CPU
		{8F83A84A-A651-46B0-9BC0-48DBEB83BFE2}.Debug|Any CPU.ActiveCfg = Debug|Any CPU
		{8F83A84A-A651-46B0-9BC0-48DBEB83BFE2}.Debug|Any CPU.Build.0 = Debug|Any CPU
		{8F83A84A-A651-46B0-9BC0-48DBEB83BFE2}.Release|Any CPU.ActiveCfg = Release|Any CPU
		{8F83A84A-A651-46B0-9BC0-48DBEB83BFE2}.Release|Any CPU.Build.0 = Release|Any CPU
	EndGlobalSection
	GlobalSection(SolutionProperties) = preSolution
		HideSolutionNode = FALSE
	EndGlobalSection
	GlobalSection(ExtensibilityGlobals) = postSolution
		SolutionGuid = {D3CC83E1-10E7-4B51-861E-95BA0EFFE1A1}
	EndGlobalSection
EndGlobal
