
Microsoft Visual Studio Solution File, Format Version 12.00
# Visual Studio Version 16
VisualStudioVersion = 16.0.31019.35
MinimumVisualStudioVersion = 10.0.40219.1
Project("{9A19103F-16F7-4668-BE54-9A1E7A4F7556}") = "P01_StudentSystem", "P01_StudentSystem\P01_StudentSystem.csproj", "{44168126-FC9A-4C21-BB98-A6DAB280C6BB}"
EndProject
Project("{FAE04EC0-301F-11D3-BF4B-00C04F79EFBC}") = "P03_FootballBetting", "P03_FootballBetting\P03_FootballBetting.csproj", "{5077F20B-B1F6-4BB0-955A-A6F48ECC08D8}"
EndProject
Project("{FAE04EC0-301F-11D3-BF4B-00C04F79EFBC}") = "P03_FootballBetting.Models", "P03_FootballBetting.Models\P03_FootballBetting.Models.csproj", "{2ABAF622-1461-42CB-9FE4-B6B9D8939D20}"
EndProject
Project("{FAE04EC0-301F-11D3-BF4B-00C04F79EFBC}") = "P03_FootballBetting.Data", "P03_FootballBetting.Data\P03_FootballBetting.Data.csproj", "{371FD4CB-6BDE-45E1-9917-CB49F029C8D3}"
EndProject
Global
	GlobalSection(SolutionConfigurationPlatforms) = preSolution
		Debug|Any CPU = Debug|Any CPU
		Release|Any CPU = Release|Any CPU
	EndGlobalSection
	GlobalSection(ProjectConfigurationPlatforms) = postSolution
		{44168126-FC9A-4C21-BB98-A6DAB280C6BB}.Debug|Any CPU.ActiveCfg = Debug|Any CPU
		{44168126-FC9A-4C21-BB98-A6DAB280C6BB}.Debug|Any CPU.Build.0 = Debug|Any CPU
		{44168126-FC9A-4C21-BB98-A6DAB280C6BB}.Release|Any CPU.ActiveCfg = Release|Any CPU
		{44168126-FC9A-4C21-BB98-A6DAB280C6BB}.Release|Any CPU.Build.0 = Release|Any CPU
		{5077F20B-B1F6-4BB0-955A-A6F48ECC08D8}.Debug|Any CPU.ActiveCfg = Debug|Any CPU
		{5077F20B-B1F6-4BB0-955A-A6F48ECC08D8}.Debug|Any CPU.Build.0 = Debug|Any CPU
		{5077F20B-B1F6-4BB0-955A-A6F48ECC08D8}.Release|Any CPU.ActiveCfg = Release|Any CPU
		{5077F20B-B1F6-4BB0-955A-A6F48ECC08D8}.Release|Any CPU.Build.0 = Release|Any CPU
		{2ABAF622-1461-42CB-9FE4-B6B9D8939D20}.Debug|Any CPU.ActiveCfg = Debug|Any CPU
		{2ABAF622-1461-42CB-9FE4-B6B9D8939D20}.Debug|Any CPU.Build.0 = Debug|Any CPU
		{2ABAF622-1461-42CB-9FE4-B6B9D8939D20}.Release|Any CPU.ActiveCfg = Release|Any CPU
		{2ABAF622-1461-42CB-9FE4-B6B9D8939D20}.Release|Any CPU.Build.0 = Release|Any CPU
		{371FD4CB-6BDE-45E1-9917-CB49F029C8D3}.Debug|Any CPU.ActiveCfg = Debug|Any CPU
		{371FD4CB-6BDE-45E1-9917-CB49F029C8D3}.Debug|Any CPU.Build.0 = Debug|Any CPU
		{371FD4CB-6BDE-45E1-9917-CB49F029C8D3}.Release|Any CPU.ActiveCfg = Release|Any CPU
		{371FD4CB-6BDE-45E1-9917-CB49F029C8D3}.Release|Any CPU.Build.0 = Release|Any CPU
	EndGlobalSection
	GlobalSection(SolutionProperties) = preSolution
		HideSolutionNode = FALSE
	EndGlobalSection
	GlobalSection(ExtensibilityGlobals) = postSolution
		SolutionGuid = {8056EFAA-37C1-44C8-AF99-C0BF7D479ECB}
	EndGlobalSection
EndGlobal
